
Microsoft Visual Studio Solution File, Format Version 12.00
# Visual Studio 15
VisualStudioVersion = 15.0.27130.2027
MinimumVisualStudioVersion = 10.0.40219.1
Project("{FAE04EC0-301F-11D3-BF4B-00C04F79EFBC}") = "HealthCenter.Android", "HealthCenter\HealthCenter.Android\HealthCenter.Android.csproj", "{F17DBB4C-C99A-4A55-ADB3-1B53FD40BA6A}"
EndProject
Project("{FAE04EC0-301F-11D3-BF4B-00C04F79EFBC}") = "HealthCenter.iOS", "HealthCenter\HealthCenter.iOS\HealthCenter.iOS.csproj", "{94C79B12-9380-431F-BEDB-325D2371FD57}"
EndProject
Project("{9A19103F-16F7-4668-BE54-9A1E7A4F7556}") = "HealthCenter", "HealthCenter\HealthCenter\HealthCenter.csproj", "{0F9D7378-EA8A-44E1-8617-7079C3A44646}"
EndProject
Project("{FAE04EC0-301F-11D3-BF4B-00C04F79EFBC}") = "HealthCenter.Backend", "HealthCenter.Backend\HealthCenter.Backend.csproj", "{A8053F33-4337-4FBA-A800-0EC197FF50AF}"
EndProject
Project("{FAE04EC0-301F-11D3-BF4B-00C04F79EFBC}") = "HealthCenter.API", "HealthCenter.API\HealthCenter.API.csproj", "{890BCE74-F899-4F8D-856E-5B1F7A9504D8}"
EndProject
Project("{FAE04EC0-301F-11D3-BF4B-00C04F79EFBC}") = "HealthCenter.Domain", "HealthCenter.Domain\HealthCenter.Domain.csproj", "{B49D42EC-E82B-433E-A33F-AF9CD2EE4D76}"
EndProject
Global
	GlobalSection(SolutionConfigurationPlatforms) = preSolution
		Ad-Hoc|Any CPU = Ad-Hoc|Any CPU
		Ad-Hoc|iPhone = Ad-Hoc|iPhone
		Ad-Hoc|iPhoneSimulator = Ad-Hoc|iPhoneSimulator
		AppStore|Any CPU = AppStore|Any CPU
		AppStore|iPhone = AppStore|iPhone
		AppStore|iPhoneSimulator = AppStore|iPhoneSimulator
		Debug|Any CPU = Debug|Any CPU
		Debug|iPhone = Debug|iPhone
		Debug|iPhoneSimulator = Debug|iPhoneSimulator
		Release|Any CPU = Release|Any CPU
		Release|iPhone = Release|iPhone
		Release|iPhoneSimulator = Release|iPhoneSimulator
	EndGlobalSection
	GlobalSection(ProjectConfigurationPlatforms) = postSolution
		{F17DBB4C-C99A-4A55-ADB3-1B53FD40BA6A}.Ad-Hoc|Any CPU.ActiveCfg = Release|Any CPU
		{F17DBB4C-C99A-4A55-ADB3-1B53FD40BA6A}.Ad-Hoc|Any CPU.Build.0 = Release|Any CPU
		{F17DBB4C-C99A-4A55-ADB3-1B53FD40BA6A}.Ad-Hoc|Any CPU.Deploy.0 = Release|Any CPU
		{F17DBB4C-C99A-4A55-ADB3-1B53FD40BA6A}.Ad-Hoc|iPhone.ActiveCfg = Release|Any CPU
		{F17DBB4C-C99A-4A55-ADB3-1B53FD40BA6A}.Ad-Hoc|iPhone.Build.0 = Release|Any CPU
		{F17DBB4C-C99A-4A55-ADB3-1B53FD40BA6A}.Ad-Hoc|iPhone.Deploy.0 = Release|Any CPU
		{F17DBB4C-C99A-4A55-ADB3-1B53FD40BA6A}.Ad-Hoc|iPhoneSimulator.ActiveCfg = Release|Any CPU
		{F17DBB4C-C99A-4A55-ADB3-1B53FD40BA6A}.Ad-Hoc|iPhoneSimulator.Build.0 = Release|Any CPU
		{F17DBB4C-C99A-4A55-ADB3-1B53FD40BA6A}.Ad-Hoc|iPhoneSimulator.Deploy.0 = Release|Any CPU
		{F17DBB4C-C99A-4A55-ADB3-1B53FD40BA6A}.AppStore|Any CPU.ActiveCfg = Release|Any CPU
		{F17DBB4C-C99A-4A55-ADB3-1B53FD40BA6A}.AppStore|Any CPU.Build.0 = Release|Any CPU
		{F17DBB4C-C99A-4A55-ADB3-1B53FD40BA6A}.AppStore|Any CPU.Deploy.0 = Release|Any CPU
		{F17DBB4C-C99A-4A55-ADB3-1B53FD40BA6A}.AppStore|iPhone.ActiveCfg = Release|Any CPU
		{F17DBB4C-C99A-4A55-ADB3-1B53FD40BA6A}.AppStore|iPhone.Build.0 = Release|Any CPU
		{F17DBB4C-C99A-4A55-ADB3-1B53FD40BA6A}.AppStore|iPhone.Deploy.0 = Release|Any CPU
		{F17DBB4C-C99A-4A55-ADB3-1B53FD40BA6A}.AppStore|iPhoneSimulator.ActiveCfg = Release|Any CPU
		{F17DBB4C-C99A-4A55-ADB3-1B53FD40BA6A}.AppStore|iPhoneSimulator.Build.0 = Release|Any CPU
		{F17DBB4C-C99A-4A55-ADB3-1B53FD40BA6A}.AppStore|iPhoneSimulator.Deploy.0 = Release|Any CPU
		{F17DBB4C-C99A-4A55-ADB3-1B53FD40BA6A}.Debug|Any CPU.ActiveCfg = Debug|Any CPU
		{F17DBB4C-C99A-4A55-ADB3-1B53FD40BA6A}.Debug|Any CPU.Build.0 = Debug|Any CPU
		{F17DBB4C-C99A-4A55-ADB3-1B53FD40BA6A}.Debug|Any CPU.Deploy.0 = Debug|Any CPU
		{F17DBB4C-C99A-4A55-ADB3-1B53FD40BA6A}.Debug|iPhone.ActiveCfg = Debug|Any CPU
		{F17DBB4C-C99A-4A55-ADB3-1B53FD40BA6A}.Debug|iPhone.Build.0 = Debug|Any CPU
		{F17DBB4C-C99A-4A55-ADB3-1B53FD40BA6A}.Debug|iPhone.Deploy.0 = Debug|Any CPU
		{F17DBB4C-C99A-4A55-ADB3-1B53FD40BA6A}.Debug|iPhoneSimulator.ActiveCfg = Debug|Any CPU
		{F17DBB4C-C99A-4A55-ADB3-1B53FD40BA6A}.Debug|iPhoneSimulator.Build.0 = Debug|Any CPU
		{F17DBB4C-C99A-4A55-ADB3-1B53FD40BA6A}.Debug|iPhoneSimulator.Deploy.0 = Debug|Any CPU
		{F17DBB4C-C99A-4A55-ADB3-1B53FD40BA6A}.Release|Any CPU.ActiveCfg = Release|Any CPU
		{F17DBB4C-C99A-4A55-ADB3-1B53FD40BA6A}.Release|Any CPU.Build.0 = Release|Any CPU
		{F17DBB4C-C99A-4A55-ADB3-1B53FD40BA6A}.Release|Any CPU.Deploy.0 = Release|Any CPU
		{F17DBB4C-C99A-4A55-ADB3-1B53FD40BA6A}.Release|iPhone.ActiveCfg = Release|Any CPU
		{F17DBB4C-C99A-4A55-ADB3-1B53FD40BA6A}.Release|iPhone.Build.0 = Release|Any CPU
		{F17DBB4C-C99A-4A55-ADB3-1B53FD40BA6A}.Release|iPhone.Deploy.0 = Release|Any CPU
		{F17DBB4C-C99A-4A55-ADB3-1B53FD40BA6A}.Release|iPhoneSimulator.ActiveCfg = Release|Any CPU
		{F17DBB4C-C99A-4A55-ADB3-1B53FD40BA6A}.Release|iPhoneSimulator.Build.0 = Release|Any CPU
		{F17DBB4C-C99A-4A55-ADB3-1B53FD40BA6A}.Release|iPhoneSimulator.Deploy.0 = Release|Any CPU
		{94C79B12-9380-431F-BEDB-325D2371FD57}.Ad-Hoc|Any CPU.ActiveCfg = Ad-Hoc|iPhone
		{94C79B12-9380-431F-BEDB-325D2371FD57}.Ad-Hoc|iPhone.ActiveCfg = Ad-Hoc|iPhone
		{94C79B12-9380-431F-BEDB-325D2371FD57}.Ad-Hoc|iPhone.Build.0 = Ad-Hoc|iPhone
		{94C79B12-9380-431F-BEDB-325D2371FD57}.Ad-Hoc|iPhoneSimulator.ActiveCfg = Ad-Hoc|iPhoneSimulator
		{94C79B12-9380-431F-BEDB-325D2371FD57}.Ad-Hoc|iPhoneSimulator.Build.0 = Ad-Hoc|iPhoneSimulator
		{94C79B12-9380-431F-BEDB-325D2371FD57}.AppStore|Any CPU.ActiveCfg = AppStore|iPhone
		{94C79B12-9380-431F-BEDB-325D2371FD57}.AppStore|iPhone.ActiveCfg = AppStore|iPhone
		{94C79B12-9380-431F-BEDB-325D2371FD57}.AppStore|iPhone.Build.0 = AppStore|iPhone
		{94C79B12-9380-431F-BEDB-325D2371FD57}.AppStore|iPhoneSimulator.ActiveCfg = AppStore|iPhoneSimulator
		{94C79B12-9380-431F-BEDB-325D2371FD57}.AppStore|iPhoneSimulator.Build.0 = AppStore|iPhoneSimulator
		{94C79B12-9380-431F-BEDB-325D2371FD57}.Debug|Any CPU.ActiveCfg = Debug|iPhone
		{94C79B12-9380-431F-BEDB-325D2371FD57}.Debug|iPhone.ActiveCfg = Debug|iPhone
		{94C79B12-9380-431F-BEDB-325D2371FD57}.Debug|iPhone.Build.0 = Debug|iPhone
		{94C79B12-9380-431F-BEDB-325D2371FD57}.Debug|iPhoneSimulator.ActiveCfg = Debug|iPhoneSimulator
		{94C79B12-9380-431F-BEDB-325D2371FD57}.Debug|iPhoneSimulator.Build.0 = Debug|iPhoneSimulator
		{94C79B12-9380-431F-BEDB-325D2371FD57}.Release|Any CPU.ActiveCfg = Release|iPhone
		{94C79B12-9380-431F-BEDB-325D2371FD57}.Release|iPhone.ActiveCfg = Release|iPhone
		{94C79B12-9380-431F-BEDB-325D2371FD57}.Release|iPhone.Build.0 = Release|iPhone
		{94C79B12-9380-431F-BEDB-325D2371FD57}.Release|iPhoneSimulator.ActiveCfg = Release|iPhoneSimulator
		{94C79B12-9380-431F-BEDB-325D2371FD57}.Release|iPhoneSimulator.Build.0 = Release|iPhoneSimulator
		{0F9D7378-EA8A-44E1-8617-7079C3A44646}.Ad-Hoc|Any CPU.ActiveCfg = Debug|Any CPU
		{0F9D7378-EA8A-44E1-8617-7079C3A44646}.Ad-Hoc|Any CPU.Build.0 = Debug|Any CPU
		{0F9D7378-EA8A-44E1-8617-7079C3A44646}.Ad-Hoc|iPhone.ActiveCfg = Debug|Any CPU
		{0F9D7378-EA8A-44E1-8617-7079C3A44646}.Ad-Hoc|iPhone.Build.0 = Debug|Any CPU
		{0F9D7378-EA8A-44E1-8617-7079C3A44646}.Ad-Hoc|iPhoneSimulator.ActiveCfg = Debug|Any CPU
		{0F9D7378-EA8A-44E1-8617-7079C3A44646}.Ad-Hoc|iPhoneSimulator.Build.0 = Debug|Any CPU
		{0F9D7378-EA8A-44E1-8617-7079C3A44646}.AppStore|Any CPU.ActiveCfg = Debug|Any CPU
		{0F9D7378-EA8A-44E1-8617-7079C3A44646}.AppStore|Any CPU.Build.0 = Debug|Any CPU
		{0F9D7378-EA8A-44E1-8617-7079C3A44646}.AppStore|iPhone.ActiveCfg = Debug|Any CPU
		{0F9D7378-EA8A-44E1-8617-7079C3A44646}.AppStore|iPhone.Build.0 = Debug|Any CPU
		{0F9D7378-EA8A-44E1-8617-7079C3A44646}.AppStore|iPhoneSimulator.ActiveCfg = Debug|Any CPU
		{0F9D7378-EA8A-44E1-8617-7079C3A44646}.AppStore|iPhoneSimulator.Build.0 = Debug|Any CPU
		{0F9D7378-EA8A-44E1-8617-7079C3A44646}.Debug|Any CPU.ActiveCfg = Debug|Any CPU
		{0F9D7378-EA8A-44E1-8617-7079C3A44646}.Debug|Any CPU.Build.0 = Debug|Any CPU
		{0F9D7378-EA8A-44E1-8617-7079C3A44646}.Debug|iPhone.ActiveCfg = Debug|Any CPU
		{0F9D7378-EA8A-44E1-8617-7079C3A44646}.Debug|iPhone.Build.0 = Debug|Any CPU
		{0F9D7378-EA8A-44E1-8617-7079C3A44646}.Debug|iPhoneSimulator.ActiveCfg = Debug|Any CPU
		{0F9D7378-EA8A-44E1-8617-7079C3A44646}.Debug|iPhoneSimulator.Build.0 = Debug|Any CPU
		{0F9D7378-EA8A-44E1-8617-7079C3A44646}.Release|Any CPU.ActiveCfg = Release|Any CPU
		{0F9D7378-EA8A-44E1-8617-7079C3A44646}.Release|Any CPU.Build.0 = Release|Any CPU
		{0F9D7378-EA8A-44E1-8617-7079C3A44646}.Release|iPhone.ActiveCfg = Release|Any CPU
		{0F9D7378-EA8A-44E1-8617-7079C3A44646}.Release|iPhone.Build.0 = Release|Any CPU
		{0F9D7378-EA8A-44E1-8617-7079C3A44646}.Release|iPhoneSimulator.ActiveCfg = Release|Any CPU
		{0F9D7378-EA8A-44E1-8617-7079C3A44646}.Release|iPhoneSimulator.Build.0 = Release|Any CPU
		{A8053F33-4337-4FBA-A800-0EC197FF50AF}.Ad-Hoc|Any CPU.ActiveCfg = Release|Any CPU
		{A8053F33-4337-4FBA-A800-0EC197FF50AF}.Ad-Hoc|Any CPU.Build.0 = Release|Any CPU
		{A8053F33-4337-4FBA-A800-0EC197FF50AF}.Ad-Hoc|iPhone.ActiveCfg = Release|Any CPU
		{A8053F33-4337-4FBA-A800-0EC197FF50AF}.Ad-Hoc|iPhone.Build.0 = Release|Any CPU
		{A8053F33-4337-4FBA-A800-0EC197FF50AF}.Ad-Hoc|iPhoneSimulator.ActiveCfg = Release|Any CPU
		{A8053F33-4337-4FBA-A800-0EC197FF50AF}.Ad-Hoc|iPhoneSimulator.Build.0 = Release|Any CPU
		{A8053F33-4337-4FBA-A800-0EC197FF50AF}.AppStore|Any CPU.ActiveCfg = Release|Any CPU
		{A8053F33-4337-4FBA-A800-0EC197FF50AF}.AppStore|Any CPU.Build.0 = Release|Any CPU
		{A8053F33-4337-4FBA-A800-0EC197FF50AF}.AppStore|iPhone.ActiveCfg = Release|Any CPU
		{A8053F33-4337-4FBA-A800-0EC197FF50AF}.AppStore|iPhone.Build.0 = Release|Any CPU
		{A8053F33-4337-4FBA-A800-0EC197FF50AF}.AppStore|iPhoneSimulator.ActiveCfg = Release|Any CPU
		{A8053F33-4337-4FBA-A800-0EC197FF50AF}.AppStore|iPhoneSimulator.Build.0 = Release|Any CPU
		{A8053F33-4337-4FBA-A800-0EC197FF50AF}.Debug|Any CPU.ActiveCfg = Debug|Any CPU
		{A8053F33-4337-4FBA-A800-0EC197FF50AF}.Debug|Any CPU.Build.0 = Debug|Any CPU
		{A8053F33-4337-4FBA-A800-0EC197FF50AF}.Debug|iPhone.ActiveCfg = Debug|Any CPU
		{A8053F33-4337-4FBA-A800-0EC197FF50AF}.Debug|iPhone.Build.0 = Debug|Any CPU
		{A8053F33-4337-4FBA-A800-0EC197FF50AF}.Debug|iPhoneSimulator.ActiveCfg = Debug|Any CPU
		{A8053F33-4337-4FBA-A800-0EC197FF50AF}.Debug|iPhoneSimulator.Build.0 = Debug|Any CPU
		{A8053F33-4337-4FBA-A800-0EC197FF50AF}.Release|Any CPU.ActiveCfg = Release|Any CPU
		{A8053F33-4337-4FBA-A800-0EC197FF50AF}.Release|Any CPU.Build.0 = Release|Any CPU
		{A8053F33-4337-4FBA-A800-0EC197FF50AF}.Release|iPhone.ActiveCfg = Release|Any CPU
		{A8053F33-4337-4FBA-A800-0EC197FF50AF}.Release|iPhone.Build.0 = Release|Any CPU
		{A8053F33-4337-4FBA-A800-0EC197FF50AF}.Release|iPhoneSimulator.ActiveCfg = Release|Any CPU
		{A8053F33-4337-4FBA-A800-0EC197FF50AF}.Release|iPhoneSimulator.Build.0 = Release|Any CPU
		{890BCE74-F899-4F8D-856E-5B1F7A9504D8}.Ad-Hoc|Any CPU.ActiveCfg = Release|Any CPU
		{890BCE74-F899-4F8D-856E-5B1F7A9504D8}.Ad-Hoc|Any CPU.Build.0 = Release|Any CPU
		{890BCE74-F899-4F8D-856E-5B1F7A9504D8}.Ad-Hoc|iPhone.ActiveCfg = Release|Any CPU
		{890BCE74-F899-4F8D-856E-5B1F7A9504D8}.Ad-Hoc|iPhone.Build.0 = Release|Any CPU
		{890BCE74-F899-4F8D-856E-5B1F7A9504D8}.Ad-Hoc|iPhoneSimulator.ActiveCfg = Release|Any CPU
		{890BCE74-F899-4F8D-856E-5B1F7A9504D8}.Ad-Hoc|iPhoneSimulator.Build.0 = Release|Any CPU
		{890BCE74-F899-4F8D-856E-5B1F7A9504D8}.AppStore|Any CPU.ActiveCfg = Release|Any CPU
		{890BCE74-F899-4F8D-856E-5B1F7A9504D8}.AppStore|Any CPU.Build.0 = Release|Any CPU
		{890BCE74-F899-4F8D-856E-5B1F7A9504D8}.AppStore|iPhone.ActiveCfg = Release|Any CPU
		{890BCE74-F899-4F8D-856E-5B1F7A9504D8}.AppStore|iPhone.Build.0 = Release|Any CPU
		{890BCE74-F899-4F8D-856E-5B1F7A9504D8}.AppStore|iPhoneSimulator.ActiveCfg = Release|Any CPU
		{890BCE74-F899-4F8D-856E-5B1F7A9504D8}.AppStore|iPhoneSimulator.Build.0 = Release|Any CPU
		{890BCE74-F899-4F8D-856E-5B1F7A9504D8}.Debug|Any CPU.ActiveCfg = Debug|Any CPU
		{890BCE74-F899-4F8D-856E-5B1F7A9504D8}.Debug|Any CPU.Build.0 = Debug|Any CPU
		{890BCE74-F899-4F8D-856E-5B1F7A9504D8}.Debug|iPhone.ActiveCfg = Debug|Any CPU
		{890BCE74-F899-4F8D-856E-5B1F7A9504D8}.Debug|iPhone.Build.0 = Debug|Any CPU
		{890BCE74-F899-4F8D-856E-5B1F7A9504D8}.Debug|iPhoneSimulator.ActiveCfg = Debug|Any CPU
		{890BCE74-F899-4F8D-856E-5B1F7A9504D8}.Debug|iPhoneSimulator.Build.0 = Debug|Any CPU
		{890BCE74-F899-4F8D-856E-5B1F7A9504D8}.Release|Any CPU.ActiveCfg = Release|Any CPU
		{890BCE74-F899-4F8D-856E-5B1F7A9504D8}.Release|Any CPU.Build.0 = Release|Any CPU
		{890BCE74-F899-4F8D-856E-5B1F7A9504D8}.Release|iPhone.ActiveCfg = Release|Any CPU
		{890BCE74-F899-4F8D-856E-5B1F7A9504D8}.Release|iPhone.Build.0 = Release|Any CPU
		{890BCE74-F899-4F8D-856E-5B1F7A9504D8}.Release|iPhoneSimulator.ActiveCfg = Release|Any CPU
		{890BCE74-F899-4F8D-856E-5B1F7A9504D8}.Release|iPhoneSimulator.Build.0 = Release|Any CPU
		{B49D42EC-E82B-433E-A33F-AF9CD2EE4D76}.Ad-Hoc|Any CPU.ActiveCfg = Release|Any CPU
		{B49D42EC-E82B-433E-A33F-AF9CD2EE4D76}.Ad-Hoc|Any CPU.Build.0 = Release|Any CPU
		{B49D42EC-E82B-433E-A33F-AF9CD2EE4D76}.Ad-Hoc|iPhone.ActiveCfg = Release|Any CPU
		{B49D42EC-E82B-433E-A33F-AF9CD2EE4D76}.Ad-Hoc|iPhone.Build.0 = Release|Any CPU
		{B49D42EC-E82B-433E-A33F-AF9CD2EE4D76}.Ad-Hoc|iPhoneSimulator.ActiveCfg = Release|Any CPU
		{B49D42EC-E82B-433E-A33F-AF9CD2EE4D76}.Ad-Hoc|iPhoneSimulator.Build.0 = Release|Any CPU
		{B49D42EC-E82B-433E-A33F-AF9CD2EE4D76}.AppStore|Any CPU.ActiveCfg = Release|Any CPU
		{B49D42EC-E82B-433E-A33F-AF9CD2EE4D76}.AppStore|Any CPU.Build.0 = Release|Any CPU
		{B49D42EC-E82B-433E-A33F-AF9CD2EE4D76}.AppStore|iPhone.ActiveCfg = Release|Any CPU
		{B49D42EC-E82B-433E-A33F-AF9CD2EE4D76}.AppStore|iPhone.Build.0 = Release|Any CPU
		{B49D42EC-E82B-433E-A33F-AF9CD2EE4D76}.AppStore|iPhoneSimulator.ActiveCfg = Release|Any CPU
		{B49D42EC-E82B-433E-A33F-AF9CD2EE4D76}.AppStore|iPhoneSimulator.Build.0 = Release|Any CPU
		{B49D42EC-E82B-433E-A33F-AF9CD2EE4D76}.Debug|Any CPU.ActiveCfg = Debug|Any CPU
		{B49D42EC-E82B-433E-A33F-AF9CD2EE4D76}.Debug|Any CPU.Build.0 = Debug|Any CPU
		{B49D42EC-E82B-433E-A33F-AF9CD2EE4D76}.Debug|iPhone.ActiveCfg = Debug|Any CPU
		{B49D42EC-E82B-433E-A33F-AF9CD2EE4D76}.Debug|iPhone.Build.0 = Debug|Any CPU
		{B49D42EC-E82B-433E-A33F-AF9CD2EE4D76}.Debug|iPhoneSimulator.ActiveCfg = Debug|Any CPU
		{B49D42EC-E82B-433E-A33F-AF9CD2EE4D76}.Debug|iPhoneSimulator.Build.0 = Debug|Any CPU
		{B49D42EC-E82B-433E-A33F-AF9CD2EE4D76}.Release|Any CPU.ActiveCfg = Release|Any CPU
		{B49D42EC-E82B-433E-A33F-AF9CD2EE4D76}.Release|Any CPU.Build.0 = Release|Any CPU
		{B49D42EC-E82B-433E-A33F-AF9CD2EE4D76}.Release|iPhone.ActiveCfg = Release|Any CPU
		{B49D42EC-E82B-433E-A33F-AF9CD2EE4D76}.Release|iPhone.Build.0 = Release|Any CPU
		{B49D42EC-E82B-433E-A33F-AF9CD2EE4D76}.Release|iPhoneSimulator.ActiveCfg = Release|Any CPU
		{B49D42EC-E82B-433E-A33F-AF9CD2EE4D76}.Release|iPhoneSimulator.Build.0 = Release|Any CPU
	EndGlobalSection
	GlobalSection(SolutionProperties) = preSolution
		HideSolutionNode = FALSE
	EndGlobalSection
	GlobalSection(ExtensibilityGlobals) = postSolution
		SolutionGuid = {685963E9-1D68-4C4C-BB4D-8F5F7389644B}
	EndGlobalSection
EndGlobal
